{
    "_meta": {
        "hash": {
            "sha256": "0bb734047418cd69b61f8a2ed8aad981b79fef029731757ec2bea9f6cbcd39dd"
        },
        "pipfile-spec": 6,
        "requires": {
            "python_version": "3.8"
        },
        "sources": [
            {
                "name": "pypi",
                "url": "https://pypi.org/simple",
                "verify_ssl": true
            }
        ]
    },
    "default": {
        "biogeme": {
            "editable": true,
            "path": "."
        },
        "cython": {
            "hashes": [
                "sha256:0754ec9d45518d0dbb5da72db2c8b063d40c4c51779618c68431054de179387f",
                "sha256:0bb201124f67b8d5e6a3e7c02257ca56a90204611971ecca76c02897096f097d",
                "sha256:0f3488bf2a9e049d1907d35ad8834f542f8c03d858d1bca6d0cbc06b719163e0",
                "sha256:1024714b0f7829b0f712db9cebec92c2782b1f42409b8575cacc340aa438d4ba",
                "sha256:10b6d2e2125169158128b7f11dad8bb0d8f5fba031d5d4f8492f3afbd06491d7",
                "sha256:16ed0260d031d90dda43997e9b0f0eebc3cf18e6ece91cad7b0fb17cd4bfb29b",
                "sha256:22d91af5fc2253f717a1b80b8bb45acb655f643611983fd6f782b9423f8171c7",
                "sha256:2d84e8d2a0c698c1bce7c2a4677f9f03b076e9f0af7095947ecd2a900ffceea5",
                "sha256:34dd57f5ac5a0e3d53da964994fc1b7e7ee3f86172d7a1f0bde8a1f90739e04d",
                "sha256:384582b5024007dfdabc9753e3e0f85d61837b0103b0ee3f8acf04a4bcfad175",
                "sha256:4473f169d6dd02174eb76396cb38ce469f377c08b21965ddf4f88bbbebd5816e",
                "sha256:57f32d1095ad7fad1e7f2ff6e8c6a7197fa532c8e6f4d044ff69212e0bf05461",
                "sha256:5dfe519e400a1672a3ac5bdfb5e957a9c14c52caafb01f4a923998ec9ae77736",
                "sha256:60def282839ed81a2ffae29d2df0a6777fd74478c6e82c6c3f4b54e698b9d11c",
                "sha256:7089fb2be9a9869b9aa277bc6de401928954ce70e139c3cf9b244ae5f490b8f2",
                "sha256:714b8926a84e3e39c5278e43fb8823598db82a4b015cff263b786dc609a5e7d6",
                "sha256:7352b88f2213325c1e111561496a7d53b0326e7f07e6f81f9b8b21420e40851c",
                "sha256:809f0a3f647052c4bcbc34a15f53a5dab90de1a83ebd77add37ed5d3e6ee5d97",
                "sha256:8598b09f7973ccb15c03b21d3185dc129ae7c60d0a6caf8176b7099a4b83483e",
                "sha256:8dc68f93b257718ea0e2bc9be8e3c61d70b6e49ab82391125ba0112a30a21025",
                "sha256:9bfd42c1d40aa26bf76186cba0d89be66ba47e36fa7ea56d71f377585a53f7c4",
                "sha256:a21cb3423acd6dbf383c9e41e8e60c93741987950434c85145864458d30099f3",
                "sha256:a49d0f5c55ad0f4aacad32f058a71d0701cb8936d6883803e50698fa04cac8d2",
                "sha256:a985a7e3c7f1663af398938029659a4381cfe9d1bd982cf19c46b01453e81775",
                "sha256:b3233341c3fe352b1090168bd087686880b582b635d707b2c8f5d4f1cc1fa533",
                "sha256:b32965445b8dbdc36c69fba47e024060f9b39b1b4ceb816da5028eea01924505",
                "sha256:b553473c31297e4ca77fbaea2eb2329889d898c03941d90941679247c17e38fb",
                "sha256:b56c02f14f1708411d95679962b742a1235d33a23535ce4a7f75425447701245",
                "sha256:b7bb0d54ff453c7516d323c3c78b211719f39a506652b79b7e85ba447d5fa9e7",
                "sha256:c5df2c42d4066cda175cd4d075225501e1842cfdbdaeeb388eb7685c367cc3ce",
                "sha256:c5e29333c9e20df384645902bed7a67a287b979da1886c8f10f88e57b69e0f4b",
                "sha256:d0b445def03b4cd33bd2d1ae6fbbe252b6d1ef7077b3b5ba3f2c698a190d26e5",
                "sha256:d490a54814b69d814b157ac86ada98c15fd77fabafc23732818ed9b9f1f0af80"
            ],
            "index": "pypi",
            "version": "==0.29.20"
        },
        "interval": {
            "hashes": [
                "sha256:6619937f3fcb5cf85bb3a60b4e4391664e8d7b30ae3dc4d04c3fc1d063ff1c3b",
                "sha256:912c1175179ef8f7d22d204da00345c3af0e4625918a8e6020e7e629604e8c8e"
            ],
            "index": "pypi",
            "version": "==1.0.0"
        },
        "numpy": {
            "hashes": [
                "sha256:13af0184177469192d80db9bd02619f6fa8b922f9f327e077d6f2a6acb1ce1c0",
                "sha256:26a45798ca2a4e168d00de75d4a524abf5907949231512f372b217ede3429e98",
                "sha256:26f509450db547e4dfa3ec739419b31edad646d21fb8d0ed0734188b35ff6b27",
                "sha256:30a59fb41bb6b8c465ab50d60a1b298d1cd7b85274e71f38af5a75d6c475d2d2",
                "sha256:33c623ef9ca5e19e05991f127c1be5aeb1ab5cdf30cb1c5cf3960752e58b599b",
                "sha256:356f96c9fbec59974a592452ab6a036cd6f180822a60b529a975c9467fcd5f23",
                "sha256:3c40c827d36c6d1c3cf413694d7dc843d50997ebffbc7c87d888a203ed6403a7",
                "sha256:4d054f013a1983551254e2379385e359884e5af105e3efe00418977d02f634a7",
                "sha256:63d971bb211ad3ca37b2adecdd5365f40f3b741a455beecba70fd0dde8b2a4cb",
                "sha256:658624a11f6e1c252b2cd170d94bf28c8f9410acab9f2fd4369e11e1cd4e1aaf",
                "sha256:76766cc80d6128750075378d3bb7812cf146415bd29b588616f72c943c00d598",
                "sha256:7b57f26e5e6ee2f14f960db46bd58ffdca25ca06dd997729b1b179fddd35f5a3",
                "sha256:7b852817800eb02e109ae4a9cef2beda8dd50d98b76b6cfb7b5c0099d27b52d4",
                "sha256:8cde829f14bd38f6da7b2954be0f2837043e8b8d7a9110ec5e318ae6bf706610",
                "sha256:a2e3a39f43f0ce95204beb8fe0831199542ccab1e0c6e486a0b4947256215632",
                "sha256:a86c962e211f37edd61d6e11bb4df7eddc4a519a38a856e20a6498c319efa6b0",
                "sha256:a8705c5073fe3fcc297fb8e0b31aa794e05af6a329e81b7ca4ffecab7f2b95ef",
                "sha256:b6aaeadf1e4866ca0fdf7bb4eed25e521ae21a7947c59f78154b24fc7abbe1dd",
                "sha256:be62aeff8f2f054eff7725f502f6228298891fd648dc2630e03e44bf63e8cee0",
                "sha256:c2edbb783c841e36ca0fa159f0ae97a88ce8137fb3a6cd82eae77349ba4b607b",
                "sha256:cbe326f6d364375a8e5a8ccb7e9cd73f4b2f6dc3b2ed205633a0db8243e2a96a",
                "sha256:d34fbb98ad0d6b563b95de852a284074514331e6b9da0a9fc894fb1cdae7a79e",
                "sha256:d97a86937cf9970453c3b62abb55a6475f173347b4cde7f8dcdb48c8e1b9952d",
                "sha256:dd53d7c4a69e766e4900f29db5872f5824a06827d594427cf1a4aa542818b796",
                "sha256:df1889701e2dfd8ba4dc9b1a010f0a60950077fb5242bb92c8b5c7f1a6f2668a",
                "sha256:fa1fe75b4a9e18b66ae7f0b122543c42debcf800aaafa0212aaff3ad273c2596"
            ],
            "index": "pypi",
            "version": "==1.19.0"
        },
        "pandas": {
            "hashes": [
                "sha256:02f1e8f71cd994ed7fcb9a35b6ddddeb4314822a0e09a9c5b2d278f8cb5d4096",
                "sha256:13f75fb18486759da3ff40f5345d9dd20e7d78f2a39c5884d013456cec9876f0",
                "sha256:35b670b0abcfed7cad76f2834041dcf7ae47fd9b22b63622d67cdc933d79f453",
                "sha256:4c73f373b0800eb3062ffd13d4a7a2a6d522792fa6eb204d67a4fad0a40f03dc",
                "sha256:5759edf0b686b6f25a5d4a447ea588983a33afc8a0081a0954184a4a87fd0dd7",
                "sha256:5a7cf6044467c1356b2b49ef69e50bf4d231e773c3ca0558807cdba56b76820b",
                "sha256:69c5d920a0b2a9838e677f78f4dde506b95ea8e4d30da25859db6469ded84fa8",
                "sha256:8778a5cc5a8437a561e3276b85367412e10ae9fff07db1eed986e427d9a674f8",
                "sha256:9871ef5ee17f388f1cb35f76dc6106d40cb8165c562d573470672f4cdefa59ef",
                "sha256:9c31d52f1a7dd2bb4681d9f62646c7aa554f19e8e9addc17e8b1b20011d7522d",
                "sha256:ab8173a8efe5418bbe50e43f321994ac6673afc5c7c4839014cf6401bbdd0705",
                "sha256:ae961f1f0e270f1e4e2273f6a539b2ea33248e0e3a11ffb479d757918a5e03a9",
                "sha256:b3c4f93fcb6e97d993bf87cdd917883b7dab7d20c627699f360a8fb49e9e0b91",
                "sha256:c9410ce8a3dee77653bc0684cfa1535a7f9c291663bd7ad79e39f5ab58f67ab3",
                "sha256:f69e0f7b7c09f1f612b1f8f59e2df72faa8a6b41c5a436dde5b615aaf948f107",
                "sha256:faa42a78d1350b02a7d2f0dbe3c80791cf785663d6997891549d0f86dc49125e"
            ],
            "index": "pypi",
            "version": "==1.0.5"
        },
        "python-dateutil": {
            "hashes": [
                "sha256:73ebfe9dbf22e832286dafa60473e4cd239f8592f699aa5adaf10050e6e1823c",
                "sha256:75bb3f31ea686f1197762692a9ee6a7550b59fc6ca3a1f4b5d7e32fb98e2da2a"
            ],
            "markers": "python_version >= '2.7' and python_version not in '3.0, 3.1, 3.2'",
            "version": "==2.8.1"
        },
        "pytz": {
            "hashes": [
                "sha256:a494d53b6d39c3c6e44c3bec237336e14305e4f29bbf800b599253057fbb79ed",
                "sha256:c35965d010ce31b23eeb663ed3cc8c906275d6be1a34393a1d73a41febf4a048"
            ],
            "version": "==2020.1"
        },
        "scipy": {
            "hashes": [
                "sha256:0f62f3be924a4314cf2384c6f77d3a0e3bf4ada370530a7d0a6d5a61192bec9e",
                "sha256:11d8bfcea08e971968d07495bdf1de37b3b1bb5ca78e4ddbe8d60791f0456942",
                "sha256:1b23129e9838694c36475b296ac251ae0b0247455352f2bed0b246c30b61c822",
                "sha256:244b4a23a8cb6707e19f5579502112954659bb983852b1c381243fe46d9b6818",
                "sha256:2aec0f81a29440e0c000222ac0447748a840d328b5698dd900ece4113bca5cde",
                "sha256:2e99f50d0061c385f8f46c5a99bb07ad013ec2dcf95ccba3be4e081594e7ab19",
                "sha256:38cdb4eafe727b324f295ab69eaa0788a8eefe08d59360968928753ab7f68ba9",
                "sha256:40969696eb13c2f1b6fc8e99ce597a47627f0167a7feb6086c2ccdfb55835cfc",
                "sha256:4e1a790fdf82a67619a38f017105df4bb66dfcdaea45df793ece27fd534720c2",
                "sha256:4ff72877d19b295ee7f7727615ea8238f2d59159df0bdd98f91754be4a2767f0",
                "sha256:69eb6245ff472db406c3e9b3e13bd0dc6e2ff48e7e758a7bfca296ecdb1ae8b9",
                "sha256:8f354e92246de33c44ddfc5fef61bce8c19d5aeeb2130b6a672b15db619453e4",
                "sha256:ae24f16056c87e7f086a56a7aaf6e65e4626ac70b7e08d7f54e078693abcf778",
                "sha256:d266d955c3fd12336c948abb368de230bf8dc20efad428abb908165d9c87f53f",
                "sha256:eb48915142f2dbd4b84df8ca66e433946df1a13eff36015c2b7843aa39dbc30d",
                "sha256:f662ad49ef930325161bd5edac39932c3f1b55547eaa0afce08367522f6314df"
            ],
            "index": "pypi",
            "version": "==1.5.0"
        },
        "six": {
            "hashes": [
                "sha256:30639c035cdb23534cd4aa2dd52c3bf48f06e5f4a941509c8bafd8ce11080259",
                "sha256:8b74bedcbbbaca38ff6d7491d76f2b06b3592611af620f8426e82dddb04a5ced"
            ],
            "markers": "python_version >= '2.7' and python_version not in '3.0, 3.1, 3.2'",
            "version": "==1.15.0"
        },
        "unidecode": {
            "hashes": [
                "sha256:1d7a042116536098d05d599ef2b8616759f02985c85b4fef50c78a5aaf10822a",
                "sha256:2b6aab710c2a1647e928e36d69c21e76b453cd455f4e2621000e54b2a9b8cce8"
            ],
            "index": "pypi",
            "version": "==1.1.1"
        }
    },
    "develop": {
        "attrs": {
            "hashes": [
                "sha256:08a96c641c3a74e44eb59afb61a24f2cb9f4d7188748e76ba4bb5edfa3cb7d1c",
                "sha256:f7b7ce16570fe9965acd6d30101a28f62fb4a7f9e926b3bbc9b61f8b04247e72"
            ],
            "markers": "python_version >= '2.7' and python_version not in '3.0, 3.1, 3.2, 3.3'",
            "version": "==19.3.0"
        },
        "more-itertools": {
            "hashes": [
                "sha256:68c70cc7167bdf5c7c9d8f6954a7837089c6a36bf565383919bb595efb8a17e5",
                "sha256:b78134b2063dd214000685165d81c154522c3ee0a1c0d4d113c80361c234c5a2"
            ],
            "markers": "python_version >= '3.5'",
            "version": "==8.4.0"
        },
        "packaging": {
            "hashes": [
                "sha256:4357f74f47b9c12db93624a82154e9b120fa8293699949152b22065d556079f8",
                "sha256:998416ba6962ae7fbd6596850b80e17859a5753ba17c32284f67bfff33784181"
            ],
            "markers": "python_version >= '2.7' and python_version not in '3.0, 3.1, 3.2, 3.3'",
            "version": "==20.4"
        },
        "pluggy": {
            "hashes": [
                "sha256:15b2acde666561e1298d71b523007ed7364de07029219b604cf808bfa1c765b0",
                "sha256:966c145cd83c96502c3c3868f50408687b38434af77734af1e9ca461a4081d2d"
            ],
            "markers": "python_version >= '2.7' and python_version not in '3.0, 3.1, 3.2, 3.3'",
            "version": "==0.13.1"
        },
        "py": {
            "hashes": [
                "sha256:366389d1db726cd2fcfc79732e75410e5fe4d31db13692115529d34069a043c2",
                "sha256:9ca6883ce56b4e8da7e79ac18787889fa5206c79dcc67fb065376cd2fe03f342"
            ],
            "markers": "python_version >= '2.7' and python_version not in '3.0, 3.1, 3.2, 3.3'",
            "version": "==1.9.0"
        },
        "pyparsing": {
            "hashes": [
                "sha256:c203ec8783bf771a155b207279b9bccb8dea02d8f0c9e5f8ead507bc3246ecc1",
                "sha256:ef9d7589ef3c200abe66653d3f1ab1033c3c419ae9b9bdb1240a85b024efc88b"
            ],
            "markers": "python_version >= '2.6' and python_version not in '3.0, 3.1, 3.2'",
            "version": "==2.4.7"
        },
        "pytest": {
            "hashes": [
                "sha256:5c0db86b698e8f170ba4582a492248919255fcd4c79b1ee64ace34301fb589a1",
                "sha256:7979331bfcba207414f5e1263b5a0f8f521d0f457318836a7355531ed1a4c7d8"
            ],
            "index": "pypi",
            "version": "==5.4.3"
        },
        "six": {
            "hashes": [
                "sha256:30639c035cdb23534cd4aa2dd52c3bf48f06e5f4a941509c8bafd8ce11080259",
                "sha256:8b74bedcbbbaca38ff6d7491d76f2b06b3592611af620f8426e82dddb04a5ced"
            ],
            "markers": "python_version >= '2.7' and python_version not in '3.0, 3.1, 3.2'",
            "version": "==1.15.0"
        },
        "wcwidth": {
            "hashes": [
                "sha256:beb4802a9cebb9144e99086eff703a642a13d6a0052920003a230f3294bbe784",
                "sha256:c4d647b99872929fdb7bdcaa4fbe7f01413ed3d98077df798530e5b04f116c83"
            ],
            "version": "==0.2.5"
        }
    }
}
